{
  "originHash" : "866920b49cae7c13c1e046eb1549b31392e5fa3c01e47d7a6a7d4f92086a5251",
  "pins" : [
    {
      "identity" : "nuke",
      "kind" : "remoteSourceControl",
      "location" : "https://github.com/kean/Nuke",
      "state" : {
        "revision" : "0ead44350d2737db384908569c012fe67c421e4d",
        "version" : "12.8.0"
      }
    },
    {
      "identity" : "swiftui-webview",
      "kind" : "remoteSourceControl",
      "location" : "https://github.com/kylehickinson/SwiftUI-WebView",
      "state" : {
        "revision" : "8abc88c7c5c98da391a60a401110ddf59a7b961a",
        "version" : "0.3.1"
      }
    }
  ],
  "version" : 3
}
