{
  "originHash" : "dc4d48e1bb10d2bfa0716d89f9e264d60633813a188ce35eb49267a934cf24df",
  "pins" : [
    {
      "identity" : "swiftui-cached-async-image",
      "kind" : "remoteSourceControl",
      "location" : "https://github.com/lorenzofiamingo/swiftui-cached-async-image",
      "state" : {
        "revision" : "467a3d17479887943ab917a379e62bbaff60ac8a",
        "version" : "2.1.1"
      }
    },
    {
      "identity" : "swiftui-webview",
      "kind" : "remoteSourceControl",
      "location" : "https://github.com/kylehickinson/SwiftUI-WebView",
      "state" : {
        "revision" : "8abc88c7c5c98da391a60a401110ddf59a7b961a",
        "version" : "0.3.1"
      }
    }
  ],
  "version" : 3
}
